{"1.1.0",
[{<<"base64url">>,{pkg,<<"base64url">>,<<"1.0.1">>},0},
 {<<"cowlib">>,
  {git,"https://github.com/ayamaev/cowlib",
       {ref,"ccaa64e4e61dd97c217f144093b41b8733241ffb"}},
  1},
 {<<"gun">>,
  {git,"https://github.com/ayamaev/gun",
       {ref,"df9cc3dbed28fca94e969bd019c072db1eecb5bd"}},
  0},
 {<<"jsx">>,{pkg,<<"jsx">>,<<"3.0.0">>},0}]}.
[
{pkg_hash,[
 {<<"base64url">>, <<"F8C7F2DA04CA9A5D0F5F50258F055E1D699F0E8BF4CFDB30B750865368403CF6">>},
 {<<"jsx">>, <<"20A170ABD4335FC6DB24D5FAD1E5D677C55DADF83D1B20A8A33B5FE159892A39">>}]}
].
